
Microsoft Visual Studio Solution File, Format Version 12.00
# Visual Studio Version 16
VisualStudioVersion = 16.0.30406.217
MinimumVisualStudioVersion = 10.0.40219.1
Project("{FAE04EC0-301F-11D3-BF4B-00C04F79EFBC}") = "Trabalho-Final", "Trabalho-Final.csproj", "{578C35AF-D7B4-46D8-94AC-DEC577AD097C}"
EndProject
Global
	GlobalSection(SolutionConfigurationPlatforms) = preSolution
		Debug|Any CPU = Debug|Any CPU
		Release|Any CPU = Release|Any CPU
	EndGlobalSection
	GlobalSection(ProjectConfigurationPlatforms) = postSolution
		{578C35AF-D7B4-46D8-94AC-DEC577AD097C}.Debug|Any CPU.ActiveCfg = Debug|Any CPU
		{578C35AF-D7B4-46D8-94AC-DEC577AD097C}.Debug|Any CPU.Build.0 = Debug|Any CPU
		{578C35AF-D7B4-46D8-94AC-DEC577AD097C}.Release|Any CPU.ActiveCfg = Release|Any CPU
		{578C35AF-D7B4-46D8-94AC-DEC577AD097C}.Release|Any CPU.Build.0 = Release|Any CPU
	EndGlobalSection
	GlobalSection(SolutionProperties) = preSolution
		HideSolutionNode = FALSE
	EndGlobalSection
	GlobalSection(ExtensibilityGlobals) = postSolution
		SolutionGuid = {3D2C99A4-6ACF-4CAE-90B9-3665BAFB0D04}
	EndGlobalSection
EndGlobal
